
Microsoft Visual Studio Solution File, Format Version 12.00
# Visual Studio Version 17
VisualStudioVersion = 17.8.34330.188
MinimumVisualStudioVersion = 10.0.40219.1
Project("{9A19103F-16F7-4668-BE54-9A1E7A4F7556}") = "DalFacade", "DalFacade.csproj", "{CFF3A9D8-4A1C-4E36-9DB0-020A5215FF02}"
EndProject
Project("{9A19103F-16F7-4668-BE54-9A1E7A4F7556}") = "DalList", "..\DalList\DalList.csproj", "{58B087A8-DAD8-4992-821C-CBA5A895F7CD}"
EndProject
Global
	GlobalSection(SolutionConfigurationPlatforms) = preSolution
		Debug|Any CPU = Debug|Any CPU
		Release|Any CPU = Release|Any CPU
	EndGlobalSection
	GlobalSection(ProjectConfigurationPlatforms) = postSolution
		{CFF3A9D8-4A1C-4E36-9DB0-020A5215FF02}.Debug|Any CPU.ActiveCfg = Debug|Any CPU
		{CFF3A9D8-4A1C-4E36-9DB0-020A5215FF02}.Debug|Any CPU.Build.0 = Debug|Any CPU
		{CFF3A9D8-4A1C-4E36-9DB0-020A5215FF02}.Release|Any CPU.ActiveCfg = Release|Any CPU
		{CFF3A9D8-4A1C-4E36-9DB0-020A5215FF02}.Release|Any CPU.Build.0 = Release|Any CPU
		{58B087A8-DAD8-4992-821C-CBA5A895F7CD}.Debug|Any CPU.ActiveCfg = Debug|Any CPU
		{58B087A8-DAD8-4992-821C-CBA5A895F7CD}.Debug|Any CPU.Build.0 = Debug|Any CPU
		{58B087A8-DAD8-4992-821C-CBA5A895F7CD}.Release|Any CPU.ActiveCfg = Release|Any CPU
		{58B087A8-DAD8-4992-821C-CBA5A895F7CD}.Release|Any CPU.Build.0 = Release|Any CPU
	EndGlobalSection
	GlobalSection(SolutionProperties) = preSolution
		HideSolutionNode = FALSE
	EndGlobalSection
	GlobalSection(ExtensibilityGlobals) = postSolution
		SolutionGuid = {DA51F0AB-D79D-4266-9BF1-9368045B1F4A}
	EndGlobalSection
EndGlobal
